// !$*UTF8*$!
{
	archiveVersion = 1;
	classes = {
	};
	objectVersion = 56;
	objects = {

/* Begin PBXBuildFile section */
		BF0BBAA22C0C3EE00075CB96 /* BadIconApp.swift in Sources */ = {isa = PBXBuildFile; fileRef = BF0BBAA12C0C3EE00075CB96 /* BadIconApp.swift */; };
		BF0BBAA42C0C3EE00075CB96 /* ContentView.swift in Sources */ = {isa = PBXBuildFile; fileRef = BF0BBAA32C0C3EE00075CB96 /* ContentView.swift */; };
		BF0BBAB32C0C3EE20075CB96 /* BadIconTests.swift in Sources */ = {isa = PBXBuildFile; fileRef = BF0BBAB22C0C3EE20075CB96 /* BadIconTests.swift */; };
		BF0BBABD2C0C3EE20075CB96 /* BadIconUITests.swift in Sources */ = {isa = PBXBuildFile; fileRef = BF0BBABC2C0C3EE20075CB96 /* BadIconUITests.swift */; };
		BF0BBABF2C0C3EE20075CB96 /* BadIconUITestsLaunchTests.swift in Sources */ = {isa = PBXBuildFile; fileRef = BF0BBABE2C0C3EE20075CB96 /* BadIconUITestsLaunchTests.swift */; };
		BF0BBAD02C0C3F520075CB96 /* IconAnimator.swift in Sources */ = {isa = PBXBuildFile; fileRef = BF0BBACF2C0C3F520075CB96 /* IconAnimator.swift */; };
		BF712F692C0DBB9E00F2F9CA /* BackgroundAnimateScheduler.swift in Sources */ = {isa = PBXBuildFile; fileRef = BF712F682C0DBB9E00F2F9CA /* BackgroundAnimateScheduler.swift */; };
/* End PBXBuildFile section */

/* Begin PBXContainerItemProxy section */
		BF0BBAAF2C0C3EE20075CB96 /* PBXContainerItemProxy */ = {
			isa = PBXContainerItemProxy;
			containerPortal = BF0BBA962C0C3EE00075CB96 /* Project object */;
			proxyType = 1;
			remoteGlobalIDString = BF0BBA9D2C0C3EE00075CB96;
			remoteInfo = BadIcon;
		};
		BF0BBAB92C0C3EE20075CB96 /* PBXContainerItemProxy */ = {
			isa = PBXContainerItemProxy;
			containerPortal = BF0BBA962C0C3EE00075CB96 /* Project object */;
			proxyType = 1;
			remoteGlobalIDString = BF0BBA9D2C0C3EE00075CB96;
			remoteInfo = BadIcon;
		};
/* End PBXContainerItemProxy section */

/* Begin PBXFileReference section */
		BF04E7132C0DD9DB001989DD /* BGTaskScheduler+Private.h */ = {isa = PBXFileReference; lastKnownFileType = sourcecode.c.h; path = "BGTaskScheduler+Private.h"; sourceTree = "<group>"; };
		BF0BBA9E2C0C3EE00075CB96 /* BadIcon.app */ = {isa = PBXFileReference; explicitFileType = wrapper.application; includeInIndex = 0; path = BadIcon.app; sourceTree = BUILT_PRODUCTS_DIR; };
		BF0BBAA12C0C3EE00075CB96 /* BadIconApp.swift */ = {isa = PBXFileReference; lastKnownFileType = sourcecode.swift; path = BadIconApp.swift; sourceTree = "<group>"; };
		BF0BBAA32C0C3EE00075CB96 /* ContentView.swift */ = {isa = PBXFileReference; lastKnownFileType = sourcecode.swift; path = ContentView.swift; sourceTree = "<group>"; };
		BF0BBAA52C0C3EE10075CB96 /* Assets.xcassets */ = {isa = PBXFileReference; lastKnownFileType = folder.assetcatalog; path = Assets.xcassets; sourceTree = "<group>"; };
		BF0BBAA82C0C3EE10075CB96 /* Preview Assets.xcassets */ = {isa = PBXFileReference; lastKnownFileType = folder.assetcatalog; path = "Preview Assets.xcassets"; sourceTree = "<group>"; };
		BF0BBAAE2C0C3EE20075CB96 /* BadIconTests.xctest */ = {isa = PBXFileReference; explicitFileType = wrapper.cfbundle; includeInIndex = 0; path = BadIconTests.xctest; sourceTree = BUILT_PRODUCTS_DIR; };
		BF0BBAB22C0C3EE20075CB96 /* BadIconTests.swift */ = {isa = PBXFileReference; lastKnownFileType = sourcecode.swift; path = BadIconTests.swift; sourceTree = "<group>"; };
		BF0BBAB82C0C3EE20075CB96 /* BadIconUITests.xctest */ = {isa = PBXFileReference; explicitFileType = wrapper.cfbundle; includeInIndex = 0; path = BadIconUITests.xctest; sourceTree = BUILT_PRODUCTS_DIR; };
		BF0BBABC2C0C3EE20075CB96 /* BadIconUITests.swift */ = {isa = PBXFileReference; lastKnownFileType = sourcecode.swift; path = BadIconUITests.swift; sourceTree = "<group>"; };
		BF0BBABE2C0C3EE20075CB96 /* BadIconUITestsLaunchTests.swift */ = {isa = PBXFileReference; lastKnownFileType = sourcecode.swift; path = BadIconUITestsLaunchTests.swift; sourceTree = "<group>"; };
		BF0BBACD2C0C3F1F0075CB96 /* LSApplicationProxy.h */ = {isa = PBXFileReference; lastKnownFileType = sourcecode.c.h; path = LSApplicationProxy.h; sourceTree = "<group>"; };
		BF0BBACE2C0C3F360075CB96 /* LSBundleProxy.h */ = {isa = PBXFileReference; lastKnownFileType = sourcecode.c.h; path = LSBundleProxy.h; sourceTree = "<group>"; };
		BF0BBACF2C0C3F520075CB96 /* IconAnimator.swift */ = {isa = PBXFileReference; lastKnownFileType = sourcecode.swift; path = IconAnimator.swift; sourceTree = "<group>"; };
		BF0BBAD12C0C40300075CB96 /* BadIcon-Bridging-Header.h */ = {isa = PBXFileReference; lastKnownFileType = sourcecode.c.h; path = "BadIcon-Bridging-Header.h"; sourceTree = "<group>"; };
		BF712F682C0DBB9E00F2F9CA /* BackgroundAnimateScheduler.swift */ = {isa = PBXFileReference; lastKnownFileType = sourcecode.swift; path = BackgroundAnimateScheduler.swift; sourceTree = "<group>"; };
		BFB8AE242C0DAC330067D6DA /* Info.plist */ = {isa = PBXFileReference; lastKnownFileType = text.plist.xml; path = Info.plist; sourceTree = "<group>"; };
/* End PBXFileReference section */

/* Begin PBXFrameworksBuildPhase section */
		BF0BBA9B2C0C3EE00075CB96 /* Frameworks */ = {
			isa = PBXFrameworksBuildPhase;
			buildActionMask = 2147483647;
			files = (
			);
			runOnlyForDeploymentPostprocessing = 0;
		};
		BF0BBAAB2C0C3EE20075CB96 /* Frameworks */ = {
			isa = PBXFrameworksBuildPhase;
			buildActionMask = 2147483647;
			files = (
			);
			runOnlyForDeploymentPostprocessing = 0;
		};
		BF0BBAB52C0C3EE20075CB96 /* Frameworks */ = {
			isa = PBXFrameworksBuildPhase;
			buildActionMask = 2147483647;
			files = (
			);
			runOnlyForDeploymentPostprocessing = 0;
		};
/* End PBXFrameworksBuildPhase section */

/* Begin PBXGroup section */
		BF0BBA952C0C3EE00075CB96 = {
			isa = PBXGroup;
			children = (
				BF0BBAA02C0C3EE00075CB96 /* BadIcon */,
				BF0BBAB12C0C3EE20075CB96 /* BadIconTests */,
				BF0BBABB2C0C3EE20075CB96 /* BadIconUITests */,
				BF0BBA9F2C0C3EE00075CB96 /* Products */,
			);
			sourceTree = "<group>";
		};
		BF0BBA9F2C0C3EE00075CB96 /* Products */ = {
			isa = PBXGroup;
			children = (
				BF0BBA9E2C0C3EE00075CB96 /* BadIcon.app */,
				BF0BBAAE2C0C3EE20075CB96 /* BadIconTests.xctest */,
				BF0BBAB82C0C3EE20075CB96 /* BadIconUITests.xctest */,
			);
			name = Products;
			sourceTree = "<group>";
		};
		BF0BBAA02C0C3EE00075CB96 /* BadIcon */ = {
			isa = PBXGroup;
			children = (
				BF0BBACB2C0C3EFD0075CB96 /* Utils */,
				BF0BBAA12C0C3EE00075CB96 /* BadIconApp.swift */,
				BF0BBAA32C0C3EE00075CB96 /* ContentView.swift */,
				BF0BBAA52C0C3EE10075CB96 /* Assets.xcassets */,
				BF0BBAA72C0C3EE10075CB96 /* Preview Content */,
				BFB8AE242C0DAC330067D6DA /* Info.plist */,
			);
			path = BadIcon;
			sourceTree = "<group>";
		};
		BF0BBAA72C0C3EE10075CB96 /* Preview Content */ = {
			isa = PBXGroup;
			children = (
				BF0BBAA82C0C3EE10075CB96 /* Preview Assets.xcassets */,
			);
			path = "Preview Content";
			sourceTree = "<group>";
		};
		BF0BBAB12C0C3EE20075CB96 /* BadIconTests */ = {
			isa = PBXGroup;
			children = (
				BF0BBAB22C0C3EE20075CB96 /* BadIconTests.swift */,
			);
			path = BadIconTests;
			sourceTree = "<group>";
		};
		BF0BBABB2C0C3EE20075CB96 /* BadIconUITests */ = {
			isa = PBXGroup;
			children = (
				BF0BBABC2C0C3EE20075CB96 /* BadIconUITests.swift */,
				BF0BBABE2C0C3EE20075CB96 /* BadIconUITestsLaunchTests.swift */,
			);
			path = BadIconUITests;
			sourceTree = "<group>";
		};
		BF0BBACB2C0C3EFD0075CB96 /* Utils */ = {
			isa = PBXGroup;
			children = (
				BF0BBACC2C0C3F090075CB96 /* Headers */,
				BF0BBACF2C0C3F520075CB96 /* IconAnimator.swift */,
				BF712F682C0DBB9E00F2F9CA /* BackgroundAnimateScheduler.swift */,
			);
			path = Utils;
			sourceTree = "<group>";
		};
		BF0BBACC2C0C3F090075CB96 /* Headers */ = {
			isa = PBXGroup;
			children = (
				BF0BBACD2C0C3F1F0075CB96 /* LSApplicationProxy.h */,
				BF0BBACE2C0C3F360075CB96 /* LSBundleProxy.h */,
				BF0BBAD12C0C40300075CB96 /* BadIcon-Bridging-Header.h */,
				BF04E7132C0DD9DB001989DD /* BGTaskScheduler+Private.h */,
			);
			path = Headers;
			sourceTree = "<group>";
		};
/* End PBXGroup section */

/* Begin PBXNativeTarget section */
		BF0BBA9D2C0C3EE00075CB96 /* BadIcon */ = {
			isa = PBXNativeTarget;
			buildConfigurationList = BF0BBAC22C0C3EE20075CB96 /* Build configuration list for PBXNativeTarget "BadIcon" */;
			buildPhases = (
				BF0BBA9A2C0C3EE00075CB96 /* Sources */,
				BF0BBA9B2C0C3EE00075CB96 /* Frameworks */,
				BF0BBA9C2C0C3EE00075CB96 /* Resources */,
			);
			buildRules = (
			);
			dependencies = (
			);
			name = BadIcon;
			productName = BadIcon;
			productReference = BF0BBA9E2C0C3EE00075CB96 /* BadIcon.app */;
			productType = "com.apple.product-type.application";
		};
		BF0BBAAD2C0C3EE20075CB96 /* BadIconTests */ = {
			isa = PBXNativeTarget;
			buildConfigurationList = BF0BBAC52C0C3EE20075CB96 /* Build configuration list for PBXNativeTarget "BadIconTests" */;
			buildPhases = (
				BF0BBAAA2C0C3EE20075CB96 /* Sources */,
				BF0BBAAB2C0C3EE20075CB96 /* Frameworks */,
				BF0BBAAC2C0C3EE20075CB96 /* Resources */,
			);
			buildRules = (
			);
			dependencies = (
				BF0BBAB02C0C3EE20075CB96 /* PBXTargetDependency */,
			);
			name = BadIconTests;
			productName = BadIconTests;
			productReference = BF0BBAAE2C0C3EE20075CB96 /* BadIconTests.xctest */;
			productType = "com.apple.product-type.bundle.unit-test";
		};
		BF0BBAB72C0C3EE20075CB96 /* BadIconUITests */ = {
			isa = PBXNativeTarget;
			buildConfigurationList = BF0BBAC82C0C3EE20075CB96 /* Build configuration list for PBXNativeTarget "BadIconUITests" */;
			buildPhases = (
				BF0BBAB42C0C3EE20075CB96 /* Sources */,
				BF0BBAB52C0C3EE20075CB96 /* Frameworks */,
				BF0BBAB62C0C3EE20075CB96 /* Resources */,
			);
			buildRules = (
			);
			dependencies = (
				BF0BBABA2C0C3EE20075CB96 /* PBXTargetDependency */,
			);
			name = BadIconUITests;
			productName = BadIconUITests;
			productReference = BF0BBAB82C0C3EE20075CB96 /* BadIconUITests.xctest */;
			productType = "com.apple.product-type.bundle.ui-testing";
		};
/* End PBXNativeTarget section */

/* Begin PBXProject section */
		BF0BBA962C0C3EE00075CB96 /* Project object */ = {
			isa = PBXProject;
			attributes = {
				BuildIndependentTargetsInParallel = 1;
				LastSwiftUpdateCheck = 1530;
				LastUpgradeCheck = 1530;
				TargetAttributes = {
					BF0BBA9D2C0C3EE00075CB96 = {
						CreatedOnToolsVersion = 15.3;
					};
					BF0BBAAD2C0C3EE20075CB96 = {
						CreatedOnToolsVersion = 15.3;
						TestTargetID = BF0BBA9D2C0C3EE00075CB96;
					};
					BF0BBAB72C0C3EE20075CB96 = {
						CreatedOnToolsVersion = 15.3;
						TestTargetID = BF0BBA9D2C0C3EE00075CB96;
					};
				};
			};
			buildConfigurationList = BF0BBA992C0C3EE00075CB96 /* Build configuration list for PBXProject "BadIcon" */;
			compatibilityVersion = "Xcode 14.0";
			developmentRegion = en;
			hasScannedForEncodings = 0;
			knownRegions = (
				en,
				Base,
			);
			mainGroup = BF0BBA952C0C3EE00075CB96;
			productRefGroup = BF0BBA9F2C0C3EE00075CB96 /* Products */;
			projectDirPath = "";
			projectRoot = "";
			targets = (
				BF0BBA9D2C0C3EE00075CB96 /* BadIcon */,
				BF0BBAAD2C0C3EE20075CB96 /* BadIconTests */,
				BF0BBAB72C0C3EE20075CB96 /* BadIconUITests */,
			);
		};
/* End PBXProject section */

/* Begin PBXResourcesBuildPhase section */
		BF0BBA9C2C0C3EE00075CB96 /* Resources */ = {
			isa = PBXResourcesBuildPhase;
			buildActionMask = 2147483647;
			files = (
			);
			runOnlyForDeploymentPostprocessing = 0;
		};
		BF0BBAAC2C0C3EE20075CB96 /* Resources */ = {
			isa = PBXResourcesBuildPhase;
			buildActionMask = 2147483647;
			files = (
			);
			runOnlyForDeploymentPostprocessing = 0;
		};
		BF0BBAB62C0C3EE20075CB96 /* Resources */ = {
			isa = PBXResourcesBuildPhase;
			buildActionMask = 2147483647;
			files = (
			);
			runOnlyForDeploymentPostprocessing = 0;
		};
/* End PBXResourcesBuildPhase section */

/* Begin PBXSourcesBuildPhase section */
		BF0BBA9A2C0C3EE00075CB96 /* Sources */ = {
			isa = PBXSourcesBuildPhase;
			buildActionMask = 2147483647;
			files = (
				BF0BBAA42C0C3EE00075CB96 /* ContentView.swift in Sources */,
				BF0BBAA22C0C3EE00075CB96 /* BadIconApp.swift in Sources */,
				BF712F692C0DBB9E00F2F9CA /* BackgroundAnimateScheduler.swift in Sources */,
				BF0BBAD02C0C3F520075CB96 /* IconAnimator.swift in Sources */,
			);
			runOnlyForDeploymentPostprocessing = 0;
		};
		BF0BBAAA2C0C3EE20075CB96 /* Sources */ = {
			isa = PBXSourcesBuildPhase;
			buildActionMask = 2147483647;
			files = (
				BF0BBAB32C0C3EE20075CB96 /* BadIconTests.swift in Sources */,
			);
			runOnlyForDeploymentPostprocessing = 0;
		};
		BF0BBAB42C0C3EE20075CB96 /* Sources */ = {
			isa = PBXSourcesBuildPhase;
			buildActionMask = 2147483647;
			files = (
				BF0BBABD2C0C3EE20075CB96 /* BadIconUITests.swift in Sources */,
				BF0BBABF2C0C3EE20075CB96 /* BadIconUITestsLaunchTests.swift in Sources */,
			);
			runOnlyForDeploymentPostprocessing = 0;
		};
/* End PBXSourcesBuildPhase section */

/* Begin PBXTargetDependency section */
		BF0BBAB02C0C3EE20075CB96 /* PBXTargetDependency */ = {
			isa = PBXTargetDependency;
			target = BF0BBA9D2C0C3EE00075CB96 /* BadIcon */;
			targetProxy = BF0BBAAF2C0C3EE20075CB96 /* PBXContainerItemProxy */;
		};
		BF0BBABA2C0C3EE20075CB96 /* PBXTargetDependency */ = {
			isa = PBXTargetDependency;
			target = BF0BBA9D2C0C3EE00075CB96 /* BadIcon */;
			targetProxy = BF0BBAB92C0C3EE20075CB96 /* PBXContainerItemProxy */;
		};
/* End PBXTargetDependency section */

/* Begin XCBuildConfiguration section */
		BF0BBAC02C0C3EE20075CB96 /* Debug */ = {
			isa = XCBuildConfiguration;
			buildSettings = {
				ALWAYS_SEARCH_USER_PATHS = NO;
				ASSETCATALOG_COMPILER_GENERATE_SWIFT_ASSET_SYMBOL_EXTENSIONS = YES;
				CLANG_ANALYZER_NONNULL = YES;
				CLANG_ANALYZER_NUMBER_OBJECT_CONVERSION = YES_AGGRESSIVE;
				CLANG_CXX_LANGUAGE_STANDARD = "gnu++20";
				CLANG_ENABLE_MODULES = YES;
				CLANG_ENABLE_OBJC_ARC = YES;
				CLANG_ENABLE_OBJC_WEAK = YES;
				CLANG_WARN_BLOCK_CAPTURE_AUTORELEASING = YES;
				CLANG_WARN_BOOL_CONVERSION = YES;
				CLANG_WARN_COMMA = YES;
				CLANG_WARN_CONSTANT_CONVERSION = YES;
				CLANG_WARN_DEPRECATED_OBJC_IMPLEMENTATIONS = YES;
				CLANG_WARN_DIRECT_OBJC_ISA_USAGE = YES_ERROR;
				CLANG_WARN_DOCUMENTATION_COMMENTS = YES;
				CLANG_WARN_EMPTY_BODY = YES;
				CLANG_WARN_ENUM_CONVERSION = YES;
				CLANG_WARN_INFINITE_RECURSION = YES;
				CLANG_WARN_INT_CONVERSION = YES;
				CLANG_WARN_NON_LITERAL_NULL_CONVERSION = YES;
				CLANG_WARN_OBJC_IMPLICIT_RETAIN_SELF = YES;
				CLANG_WARN_OBJC_LITERAL_CONVERSION = YES;
				CLANG_WARN_OBJC_ROOT_CLASS = YES_ERROR;
				CLANG_WARN_QUOTED_INCLUDE_IN_FRAMEWORK_HEADER = YES;
				CLANG_WARN_RANGE_LOOP_ANALYSIS = YES;
				CLANG_WARN_STRICT_PROTOTYPES = YES;
				CLANG_WARN_SUSPICIOUS_MOVE = YES;
				CLANG_WARN_UNGUARDED_AVAILABILITY = YES_AGGRESSIVE;
				CLANG_WARN_UNREACHABLE_CODE = YES;
				CLANG_WARN__DUPLICATE_METHOD_MATCH = YES;
				COPY_PHASE_STRIP = NO;
				DEBUG_INFORMATION_FORMAT = dwarf;
				ENABLE_STRICT_OBJC_MSGSEND = YES;
				ENABLE_TESTABILITY = YES;
				ENABLE_USER_SCRIPT_SANDBOXING = YES;
				GCC_C_LANGUAGE_STANDARD = gnu17;
				GCC_DYNAMIC_NO_PIC = NO;
				GCC_NO_COMMON_BLOCKS = YES;
				GCC_OPTIMIZATION_LEVEL = 0;
				GCC_PREPROCESSOR_DEFINITIONS = (
					"DEBUG=1",
					"$(inherited)",
				);
				GCC_WARN_64_TO_32_BIT_CONVERSION = YES;
				GCC_WARN_ABOUT_RETURN_TYPE = YES_ERROR;
				GCC_WARN_UNDECLARED_SELECTOR = YES;
				GCC_WARN_UNINITIALIZED_AUTOS = YES_AGGRESSIVE;
				GCC_WARN_UNUSED_FUNCTION = YES;
				GCC_WARN_UNUSED_VARIABLE = YES;
				IPHONEOS_DEPLOYMENT_TARGET = 14.0;
				LOCALIZATION_PREFERS_STRING_CATALOGS = YES;
				MTL_ENABLE_DEBUG_INFO = INCLUDE_SOURCE;
				MTL_FAST_MATH = YES;
				ONLY_ACTIVE_ARCH = YES;
				SDKROOT = iphoneos;
				SWIFT_ACTIVE_COMPILATION_CONDITIONS = "DEBUG $(inherited)";
				SWIFT_OPTIMIZATION_LEVEL = "-Onone";
			};
			name = Debug;
		};
		BF0BBAC12C0C3EE20075CB96 /* Release */ = {
			isa = XCBuildConfiguration;
			buildSettings = {
				ALWAYS_SEARCH_USER_PATHS = NO;
				ASSETCATALOG_COMPILER_GENERATE_SWIFT_ASSET_SYMBOL_EXTENSIONS = YES;
				CLANG_ANALYZER_NONNULL = YES;
				CLANG_ANALYZER_NUMBER_OBJECT_CONVERSION = YES_AGGRESSIVE;
				CLANG_CXX_LANGUAGE_STANDARD = "gnu++20";
				CLANG_ENABLE_MODULES = YES;
				CLANG_ENABLE_OBJC_ARC = YES;
				CLANG_ENABLE_OBJC_WEAK = YES;
				CLANG_WARN_BLOCK_CAPTURE_AUTORELEASING = YES;
				CLANG_WARN_BOOL_CONVERSION = YES;
				CLANG_WARN_COMMA = YES;
				CLANG_WARN_CONSTANT_CONVERSION = YES;
				CLANG_WARN_DEPRECATED_OBJC_IMPLEMENTATIONS = YES;
				CLANG_WARN_DIRECT_OBJC_ISA_USAGE = YES_ERROR;
				CLANG_WARN_DOCUMENTATION_COMMENTS = YES;
				CLANG_WARN_EMPTY_BODY = YES;
				CLANG_WARN_ENUM_CONVERSION = YES;
				CLANG_WARN_INFINITE_RECURSION = YES;
				CLANG_WARN_INT_CONVERSION = YES;
				CLANG_WARN_NON_LITERAL_NULL_CONVERSION = YES;
				CLANG_WARN_OBJC_IMPLICIT_RETAIN_SELF = YES;
				CLANG_WARN_OBJC_LITERAL_CONVERSION = YES;
				CLANG_WARN_OBJC_ROOT_CLASS = YES_ERROR;
				CLANG_WARN_QUOTED_INCLUDE_IN_FRAMEWORK_HEADER = YES;
				CLANG_WARN_RANGE_LOOP_ANALYSIS = YES;
				CLANG_WARN_STRICT_PROTOTYPES = YES;
				CLANG_WARN_SUSPICIOUS_MOVE = YES;
				CLANG_WARN_UNGUARDED_AVAILABILITY = YES_AGGRESSIVE;
				CLANG_WARN_UNREACHABLE_CODE = YES;
				CLANG_WARN__DUPLICATE_METHOD_MATCH = YES;
				COPY_PHASE_STRIP = NO;
				DEBUG_INFORMATION_FORMAT = "dwarf-with-dsym";
				ENABLE_NS_ASSERTIONS = NO;
				ENABLE_STRICT_OBJC_MSGSEND = YES;
				ENABLE_USER_SCRIPT_SANDBOXING = YES;
				GCC_C_LANGUAGE_STANDARD = gnu17;
				GCC_NO_COMMON_BLOCKS = YES;
				GCC_WARN_64_TO_32_BIT_CONVERSION = YES;
				GCC_WARN_ABOUT_RETURN_TYPE = YES_ERROR;
				GCC_WARN_UNDECLARED_SELECTOR = YES;
				GCC_WARN_UNINITIALIZED_AUTOS = YES_AGGRESSIVE;
				GCC_WARN_UNUSED_FUNCTION = YES;
				GCC_WARN_UNUSED_VARIABLE = YES;
				IPHONEOS_DEPLOYMENT_TARGET = 14.0;
				LOCALIZATION_PREFERS_STRING_CATALOGS = YES;
				MTL_ENABLE_DEBUG_INFO = NO;
				MTL_FAST_MATH = YES;
				SDKROOT = iphoneos;
				SWIFT_COMPILATION_MODE = wholemodule;
				VALIDATE_PRODUCT = YES;
			};
			name = Release;
		};
		BF0BBAC32C0C3EE20075CB96 /* Debug */ = {
			isa = XCBuildConfiguration;
			buildSettings = {
				APPLY_RULES_IN_COPY_HEADERS = NO;
				ASSETCATALOG_COMPILER_APPICON_NAME = AppIcon;
				ASSETCATALOG_COMPILER_GLOBAL_ACCENT_COLOR_NAME = AccentColor;
				CODE_SIGN_STYLE = Automatic;
				CURRENT_PROJECT_VERSION = 1;
				DEVELOPMENT_ASSET_PATHS = "\"BadIcon/Preview Content\"";
				DEVELOPMENT_TEAM = CYVRCL87U4;
				ENABLE_PREVIEWS = YES;
				GENERATE_INFOPLIST_FILE = YES;
				INFOPLIST_FILE = BadIcon/Info.plist;
				INFOPLIST_KEY_UIApplicationSceneManifest_Generation = YES;
				INFOPLIST_KEY_UIApplicationSupportsIndirectInputEvents = YES;
				INFOPLIST_KEY_UILaunchScreen_Generation = YES;
				INFOPLIST_KEY_UISupportedInterfaceOrientations_iPad = "UIInterfaceOrientationPortrait UIInterfaceOrientationPortraitUpsideDown UIInterfaceOrientationLandscapeLeft UIInterfaceOrientationLandscapeRight";
				INFOPLIST_KEY_UISupportedInterfaceOrientations_iPhone = "UIInterfaceOrientationPortrait UIInterfaceOrientationLandscapeLeft UIInterfaceOrientationLandscapeRight";
				LD_RUNPATH_SEARCH_PATHS = (
					"$(inherited)",
					"@executable_path/Frameworks",
				);
				MARKETING_VERSION = 1.0;
				OTHER_LDFLAGS = (
					"-Wl,-U,_OBJC_CLASS_$_LSBundleProxy",
					"-w",
				);
				PRODUCT_BUNDLE_IDENTIFIER = com.nltv.BadIcon;
				PRODUCT_NAME = "$(TARGET_NAME)";
				SWIFT_EMIT_LOC_STRINGS = YES;
				SWIFT_OBJC_BRIDGING_HEADER = "BadIcon/Utils/Headers/BadIcon-Bridging-Header.h";
				SWIFT_VERSION = 5.0;
				TARGETED_DEVICE_FAMILY = "1,2";
			};
			name = Debug;
		};
		BF0BBAC42C0C3EE20075CB96 /* Release */ = {
			isa = XCBuildConfiguration;
			buildSettings = {
				APPLY_RULES_IN_COPY_HEADERS = NO;
				ASSETCATALOG_COMPILER_APPICON_NAME = AppIcon;
				ASSETCATALOG_COMPILER_GLOBAL_ACCENT_COLOR_NAME = AccentColor;
				CODE_SIGN_STYLE = Automatic;
				CURRENT_PROJECT_VERSION = 1;
				DEVELOPMENT_ASSET_PATHS = "\"BadIcon/Preview Content\"";
				DEVELOPMENT_TEAM = CYVRCL87U4;
				ENABLE_PREVIEWS = YES;
				GENERATE_INFOPLIST_FILE = YES;
				INFOPLIST_FILE = BadIcon/Info.plist;
				INFOPLIST_KEY_UIApplicationSceneManifest_Generation = YES;
				INFOPLIST_KEY_UIApplicationSupportsIndirectInputEvents = YES;
				INFOPLIST_KEY_UILaunchScreen_Generation = YES;
				INFOPLIST_KEY_UISupportedInterfaceOrientations_iPad = "UIInterfaceOrientationPortrait UIInterfaceOrientationPortraitUpsideDown UIInterfaceOrientationLandscapeLeft UIInterfaceOrientationLandscapeRight";
				INFOPLIST_KEY_UISupportedInterfaceOrientations_iPhone = "UIInterfaceOrientationPortrait UIInterfaceOrientationLandscapeLeft UIInterfaceOrientationLandscapeRight";
				LD_RUNPATH_SEARCH_PATHS = (
					"$(inherited)",
					"@executable_path/Frameworks",
				);
				MARKETING_VERSION = 1.0;
				OTHER_LDFLAGS = (
					"-Wl,-U,_OBJC_CLASS_$_LSBundleProxy",
					"-w",
				);
				PRODUCT_BUNDLE_IDENTIFIER = com.nltv.BadIcon;
				PRODUCT_NAME = "$(TARGET_NAME)";
				SWIFT_EMIT_LOC_STRINGS = YES;
				SWIFT_OBJC_BRIDGING_HEADER = "BadIcon/Utils/Headers/BadIcon-Bridging-Header.h";
				SWIFT_VERSION = 5.0;
				TARGETED_DEVICE_FAMILY = "1,2";
			};
			name = Release;
		};
		BF0BBAC62C0C3EE20075CB96 /* Debug */ = {
			isa = XCBuildConfiguration;
			buildSettings = {
				ALWAYS_EMBED_SWIFT_STANDARD_LIBRARIES = YES;
				BUNDLE_LOADER = "$(TEST_HOST)";
				CODE_SIGN_STYLE = Automatic;
				CURRENT_PROJECT_VERSION = 1;
				DEVELOPMENT_TEAM = CYVRCL87U4;
				GENERATE_INFOPLIST_FILE = YES;
				IPHONEOS_DEPLOYMENT_TARGET = 17.4;
				MARKETING_VERSION = 1.0;
				PRODUCT_BUNDLE_IDENTIFIER = com.nltv.BadIconTests;
				PRODUCT_NAME = "$(TARGET_NAME)";
				SWIFT_EMIT_LOC_STRINGS = NO;
				SWIFT_VERSION = 5.0;
				TARGETED_DEVICE_FAMILY = "1,2";
				TEST_HOST = "$(BUILT_PRODUCTS_DIR)/BadIcon.app/$(BUNDLE_EXECUTABLE_FOLDER_PATH)/BadIcon";
			};
			name = Debug;
		};
		BF0BBAC72C0C3EE20075CB96 /* Release */ = {
			isa = XCBuildConfiguration;
			buildSettings = {
				ALWAYS_EMBED_SWIFT_STANDARD_LIBRARIES = YES;
				BUNDLE_LOADER = "$(TEST_HOST)";
				CODE_SIGN_STYLE = Automatic;
				CURRENT_PROJECT_VERSION = 1;
				DEVELOPMENT_TEAM = CYVRCL87U4;
				GENERATE_INFOPLIST_FILE = YES;
				IPHONEOS_DEPLOYMENT_TARGET = 17.4;
				MARKETING_VERSION = 1.0;
				PRODUCT_BUNDLE_IDENTIFIER = com.nltv.BadIconTests;
				PRODUCT_NAME = "$(TARGET_NAME)";
				SWIFT_EMIT_LOC_STRINGS = NO;
				SWIFT_VERSION = 5.0;
				TARGETED_DEVICE_FAMILY = "1,2";
				TEST_HOST = "$(BUILT_PRODUCTS_DIR)/BadIcon.app/$(BUNDLE_EXECUTABLE_FOLDER_PATH)/BadIcon";
			};
			name = Release;
		};
		BF0BBAC92C0C3EE20075CB96 /* Debug */ = {
			isa = XCBuildConfiguration;
			buildSettings = {
				ALWAYS_EMBED_SWIFT_STANDARD_LIBRARIES = YES;
				CODE_SIGN_STYLE = Automatic;
				CURRENT_PROJECT_VERSION = 1;
				DEVELOPMENT_TEAM = CYVRCL87U4;
				GENERATE_INFOPLIST_FILE = YES;
				MARKETING_VERSION = 1.0;
				PRODUCT_BUNDLE_IDENTIFIER = com.nltv.BadIconUITests;
				PRODUCT_NAME = "$(TARGET_NAME)";
				SWIFT_EMIT_LOC_STRINGS = NO;
				SWIFT_VERSION = 5.0;
				TARGETED_DEVICE_FAMILY = "1,2";
				TEST_TARGET_NAME = BadIcon;
			};
			name = Debug;
		};
		BF0BBACA2C0C3EE20075CB96 /* Release */ = {
			isa = XCBuildConfiguration;
			buildSettings = {
				ALWAYS_EMBED_SWIFT_STANDARD_LIBRARIES = YES;
				CODE_SIGN_STYLE = Automatic;
				CURRENT_PROJECT_VERSION = 1;
				DEVELOPMENT_TEAM = CYVRCL87U4;
				GENERATE_INFOPLIST_FILE = YES;
				MARKETING_VERSION = 1.0;
				PRODUCT_BUNDLE_IDENTIFIER = com.nltv.BadIconUITests;
				PRODUCT_NAME = "$(TARGET_NAME)";
				SWIFT_EMIT_LOC_STRINGS = NO;
				SWIFT_VERSION = 5.0;
				TARGETED_DEVICE_FAMILY = "1,2";
				TEST_TARGET_NAME = BadIcon;
			};
			name = Release;
		};
/* End XCBuildConfiguration section */

/* Begin XCConfigurationList section */
		BF0BBA992C0C3EE00075CB96 /* Build configuration list for PBXProject "BadIcon" */ = {
			isa = XCConfigurationList;
			buildConfigurations = (
				BF0BBAC02C0C3EE20075CB96 /* Debug */,
				BF0BBAC12C0C3EE20075CB96 /* Release */,
			);
			defaultConfigurationIsVisible = 0;
			defaultConfigurationName = Release;
		};
		BF0BBAC22C0C3EE20075CB96 /* Build configuration list for PBXNativeTarget "BadIcon" */ = {
			isa = XCConfigurationList;
			buildConfigurations = (
				BF0BBAC32C0C3EE20075CB96 /* Debug */,
				BF0BBAC42C0C3EE20075CB96 /* Release */,
			);
			defaultConfigurationIsVisible = 0;
			defaultConfigurationName = Release;
		};
		BF0BBAC52C0C3EE20075CB96 /* Build configuration list for PBXNativeTarget "BadIconTests" */ = {
			isa = XCConfigurationList;
			buildConfigurations = (
				BF0BBAC62C0C3EE20075CB96 /* Debug */,
				BF0BBAC72C0C3EE20075CB96 /* Release */,
			);
			defaultConfigurationIsVisible = 0;
			defaultConfigurationName = Release;
		};
		BF0BBAC82C0C3EE20075CB96 /* Build configuration list for PBXNativeTarget "BadIconUITests" */ = {
			isa = XCConfigurationList;
			buildConfigurations = (
				BF0BBAC92C0C3EE20075CB96 /* Debug */,
				BF0BBACA2C0C3EE20075CB96 /* Release */,
			);
			defaultConfigurationIsVisible = 0;
			defaultConfigurationName = Release;
		};
/* End XCConfigurationList section */
	};
	rootObject = BF0BBA962C0C3EE00075CB96 /* Project object */;
}
